github.com/tomwright/grace v0.1.2 h1:8kH+S2GLqnwgWqUzi9CcjNoWJANZQnw9Xw65NPUr6WA=
github.com/tomwright/grace v0.1.2/go.mod h1:RKqz4gB3sQJpyas/CuiiriQQfUxSXhtWRfYtE7MG+Ok=
github.com/tomwright/gracehttpserverrunner v0.1.0 h1:n4iafOnJQEmRn05i1QzU+FPS0CU4ybxilyEdBEH/Ulk=
github.com/tomwright/gracehttpserverrunner v0.1.0/go.mod h1:FFHjVUgXu7KygMn+QlaoCesVlPOhaCnCvw35nvgzt5I=
